
Microsoft Visual Studio Solution File, Format Version 12.00
# Visual Studio Version 16
VisualStudioVersion = 16.0.32002.261
MinimumVisualStudioVersion = 10.0.40219.1
Project("{FAE04EC0-301F-11D3-BF4B-00C04F79EFBC}") = "LogisticManagement", "LogisticManagement\LogisticManagement.csproj", "{EA553A20-9B23-45E8-815F-6EEE45331F46}"
EndProject
Global
	GlobalSection(SolutionConfigurationPlatforms) = preSolution
		Debug|Any CPU = Debug|Any CPU
		Release|Any CPU = Release|Any CPU
	EndGlobalSection
	GlobalSection(ProjectConfigurationPlatforms) = postSolution
		{EA553A20-9B23-45E8-815F-6EEE45331F46}.Debug|Any CPU.ActiveCfg = Debug|Any CPU
		{EA553A20-9B23-45E8-815F-6EEE45331F46}.Debug|Any CPU.Build.0 = Debug|Any CPU
		{EA553A20-9B23-45E8-815F-6EEE45331F46}.Release|Any CPU.ActiveCfg = Release|Any CPU
		{EA553A20-9B23-45E8-815F-6EEE45331F46}.Release|Any CPU.Build.0 = Release|Any CPU
	EndGlobalSection
	GlobalSection(SolutionProperties) = preSolution
		HideSolutionNode = FALSE
	EndGlobalSection
	GlobalSection(ExtensibilityGlobals) = postSolution
		SolutionGuid = {DEBF774F-8F28-4798-A3F5-179905B85B04}
	EndGlobalSection
EndGlobal
